
Microsoft Visual Studio Solution File, Format Version 12.00
# Visual Studio 14
VisualStudioVersion = 14.0.25123.0
MinimumVisualStudioVersion = 10.0.40219.1
Project("{FAE04EC0-301F-11D3-BF4B-00C04F79EFBC}") = "HungryHungryGeek", "HungryHungryGeek\HungryHungryGeek.csproj", "{E3BBF06C-B71B-494D-A14E-B69F8BAA250A}"
EndProject
Project("{FAE04EC0-301F-11D3-BF4B-00C04F79EFBC}") = "HungryHungryGeek.Tests", "HungryHungryGeek.Tests\HungryHungryGeek.Tests.csproj", "{AB7CE69B-FE8B-41C2-A0D8-E2EB9E393BA6}"
EndProject
Global
	GlobalSection(SolutionConfigurationPlatforms) = preSolution
		Debug|Any CPU = Debug|Any CPU
		Release|Any CPU = Release|Any CPU
	EndGlobalSection
	GlobalSection(ProjectConfigurationPlatforms) = postSolution
		{E3BBF06C-B71B-494D-A14E-B69F8BAA250A}.Debug|Any CPU.ActiveCfg = Debug|Any CPU
		{E3BBF06C-B71B-494D-A14E-B69F8BAA250A}.Debug|Any CPU.Build.0 = Debug|Any CPU
		{E3BBF06C-B71B-494D-A14E-B69F8BAA250A}.Release|Any CPU.ActiveCfg = Release|Any CPU
		{E3BBF06C-B71B-494D-A14E-B69F8BAA250A}.Release|Any CPU.Build.0 = Release|Any CPU
		{AB7CE69B-FE8B-41C2-A0D8-E2EB9E393BA6}.Debug|Any CPU.ActiveCfg = Debug|Any CPU
		{AB7CE69B-FE8B-41C2-A0D8-E2EB9E393BA6}.Debug|Any CPU.Build.0 = Debug|Any CPU
		{AB7CE69B-FE8B-41C2-A0D8-E2EB9E393BA6}.Release|Any CPU.ActiveCfg = Release|Any CPU
		{AB7CE69B-FE8B-41C2-A0D8-E2EB9E393BA6}.Release|Any CPU.Build.0 = Release|Any CPU
	EndGlobalSection
	GlobalSection(SolutionProperties) = preSolution
		HideSolutionNode = FALSE
	EndGlobalSection
EndGlobal
